# THIS IS AN AUTOGENERATED FILE. DO NOT EDIT THIS FILE DIRECTLY.
# yarn lockfile v1


"@pinia/nuxt@^0.1.9":
  version "0.1.9"
  resolved "https://registry.npmjs.org/@pinia/nuxt/-/nuxt-0.1.9.tgz#96bd971ff5e280d401d1b2be1510b6ae4600a510"
  integrity sha512-5YmfBOxXHM5eA5pE4mq5opJnSmVYn2qYJ2ak01FrCww0esxfRLkmuu4emynu0Ar5eQ/DDz9wI3ukgRwAubXqmg==
  dependencies:
    vue-demi "*"

"@vue/devtools-api@^6.1.4":
  version "6.2.0"
  resolved "https://registry.npmjs.org/@vue/devtools-api/-/devtools-api-6.2.0.tgz#e3dc98a0cce8e87292745e2d24c9ee8c274a023b"
  integrity sha512-pF1G4wky+hkifDiZSWn8xfuLOJI1ZXtuambpBEYaf7Xaf6zC/pM29rvAGpd3qaGXnr4BAXU1Pxz/VfvBGwexGA==

pinia@^2.0.14:
  version "2.0.14"
  resolved "https://registry.npmjs.org/pinia/-/pinia-2.0.14.tgz#0837898c20291ebac982bbfca95c8d3c6099925f"
  integrity sha512-0nPuZR4TetT/WcLN+feMSjWJku3SQU7dBbXC6uw+R6FLQJCsg+/0pzXyD82T1FmAYe0lsx+jnEDQ1BLgkRKlxA==
  dependencies:
    "@vue/devtools-api" "^6.1.4"
    vue-demi "*"

vue-demi@*:
  version "0.13.2"
  resolved "https://registry.npmjs.org/vue-demi/-/vue-demi-0.13.2.tgz#f6081c2feb5b698549729a81683ce029b8da289e"
  integrity sha512-41ukrclEbMddAyP7PvxMSYqnOSzPV6r7GNnyTSKSCNTaz19GehxmTiXyP9kwHSUv2+Dr6hHqiUiF7L1VAw2KdQ==
